
Microsoft Visual Studio Solution File, Format Version 12.00
# Visual Studio Version 17
VisualStudioVersion = 17.0.31903.59
MinimumVisualStudioVersion = 10.0.40219.1
Project("{2150E333-8FDC-42A3-9474-1A3956D46DE8}") = "src", "src", "{2FEAEEF8-D693-461E-8F93-5C0BAAD979B3}"
EndProject
Project("{FAE04EC0-301F-11D3-BF4B-00C04F79EFBC}") = "Saydin.Shared", "src\Saydin.Shared\Saydin.Shared.csproj", "{02807055-196D-4983-9471-433EE631AB17}"
EndProject
Project("{FAE04EC0-301F-11D3-BF4B-00C04F79EFBC}") = "Saydin.Api", "src\Saydin.Api\Saydin.Api.csproj", "{336BC878-60D1-4F88-90F1-1AE731A7D087}"
EndProject
Project("{FAE04EC0-301F-11D3-BF4B-00C04F79EFBC}") = "Saydin.PriceIngestion", "src\Saydin.PriceIngestion\Saydin.PriceIngestion.csproj", "{45081DB7-8CD0-41DB-8FF5-DC50C1577CBF}"
EndProject
Project("{2150E333-8FDC-42A3-9474-1A3956D46DE8}") = "tests", "tests", "{1DD4C92D-A417-4A2C-B2D5-CA37690C2E4E}"
EndProject
Project("{FAE04EC0-301F-11D3-BF4B-00C04F79EFBC}") = "Saydin.Api.Tests", "tests\Saydin.Api.Tests\Saydin.Api.Tests.csproj", "{9457B33C-3ECA-407D-8BD6-D9928BE18557}"
EndProject
Project("{FAE04EC0-301F-11D3-BF4B-00C04F79EFBC}") = "Saydin.PriceIngestion.Tests", "tests\Saydin.PriceIngestion.Tests\Saydin.PriceIngestion.Tests.csproj", "{07549CAF-2691-4CB6-BF1F-707CA6584421}"
EndProject
Global
	GlobalSection(SolutionConfigurationPlatforms) = preSolution
		Debug|Any CPU = Debug|Any CPU
		Release|Any CPU = Release|Any CPU
	EndGlobalSection
	GlobalSection(SolutionProperties) = preSolution
		HideSolutionNode = FALSE
	EndGlobalSection
	GlobalSection(ProjectConfigurationPlatforms) = postSolution
		{02807055-196D-4983-9471-433EE631AB17}.Debug|Any CPU.ActiveCfg = Debug|Any CPU
		{02807055-196D-4983-9471-433EE631AB17}.Debug|Any CPU.Build.0 = Debug|Any CPU
		{02807055-196D-4983-9471-433EE631AB17}.Release|Any CPU.ActiveCfg = Release|Any CPU
		{02807055-196D-4983-9471-433EE631AB17}.Release|Any CPU.Build.0 = Release|Any CPU
		{336BC878-60D1-4F88-90F1-1AE731A7D087}.Debug|Any CPU.ActiveCfg = Debug|Any CPU
		{336BC878-60D1-4F88-90F1-1AE731A7D087}.Debug|Any CPU.Build.0 = Debug|Any CPU
		{336BC878-60D1-4F88-90F1-1AE731A7D087}.Release|Any CPU.ActiveCfg = Release|Any CPU
		{336BC878-60D1-4F88-90F1-1AE731A7D087}.Release|Any CPU.Build.0 = Release|Any CPU
		{45081DB7-8CD0-41DB-8FF5-DC50C1577CBF}.Debug|Any CPU.ActiveCfg = Debug|Any CPU
		{45081DB7-8CD0-41DB-8FF5-DC50C1577CBF}.Debug|Any CPU.Build.0 = Debug|Any CPU
		{45081DB7-8CD0-41DB-8FF5-DC50C1577CBF}.Release|Any CPU.ActiveCfg = Release|Any CPU
		{45081DB7-8CD0-41DB-8FF5-DC50C1577CBF}.Release|Any CPU.Build.0 = Release|Any CPU
		{9457B33C-3ECA-407D-8BD6-D9928BE18557}.Debug|Any CPU.ActiveCfg = Debug|Any CPU
		{9457B33C-3ECA-407D-8BD6-D9928BE18557}.Debug|Any CPU.Build.0 = Debug|Any CPU
		{9457B33C-3ECA-407D-8BD6-D9928BE18557}.Release|Any CPU.ActiveCfg = Release|Any CPU
		{9457B33C-3ECA-407D-8BD6-D9928BE18557}.Release|Any CPU.Build.0 = Release|Any CPU
		{07549CAF-2691-4CB6-BF1F-707CA6584421}.Debug|Any CPU.ActiveCfg = Debug|Any CPU
		{07549CAF-2691-4CB6-BF1F-707CA6584421}.Debug|Any CPU.Build.0 = Debug|Any CPU
		{07549CAF-2691-4CB6-BF1F-707CA6584421}.Release|Any CPU.ActiveCfg = Release|Any CPU
		{07549CAF-2691-4CB6-BF1F-707CA6584421}.Release|Any CPU.Build.0 = Release|Any CPU
	EndGlobalSection
	GlobalSection(NestedProjects) = preSolution
		{02807055-196D-4983-9471-433EE631AB17} = {2FEAEEF8-D693-461E-8F93-5C0BAAD979B3}
		{336BC878-60D1-4F88-90F1-1AE731A7D087} = {2FEAEEF8-D693-461E-8F93-5C0BAAD979B3}
		{45081DB7-8CD0-41DB-8FF5-DC50C1577CBF} = {2FEAEEF8-D693-461E-8F93-5C0BAAD979B3}
		{9457B33C-3ECA-407D-8BD6-D9928BE18557} = {1DD4C92D-A417-4A2C-B2D5-CA37690C2E4E}
		{07549CAF-2691-4CB6-BF1F-707CA6584421} = {1DD4C92D-A417-4A2C-B2D5-CA37690C2E4E}
	EndGlobalSection
EndGlobal
