
Microsoft Visual Studio Solution File, Format Version 12.00
# Visual Studio Version 17
VisualStudioVersion = 17.0.31903.59
MinimumVisualStudioVersion = 10.0.40219.1
Project("{2150E333-8FDC-42A3-9474-1A3956D46DE8}") = "src", "src", "{2FEAEEF8-D693-461E-8F93-5C0BAAD979B3}"
EndProject
Project("{FAE04EC0-301F-11D3-BF4B-00C04F79EFBC}") = "Saydin.Shared", "src\Saydin.Shared\Saydin.Shared.csproj", "{02807055-196D-4983-9471-433EE631AB17}"
EndProject
Project("{FAE04EC0-301F-11D3-BF4B-00C04F79EFBC}") = "Saydin.Api", "src\Saydin.Api\Saydin.Api.csproj", "{336BC878-60D1-4F88-90F1-1AE731A7D087}"
EndProject
Project("{FAE04EC0-301F-11D3-BF4B-00C04F79EFBC}") = "Saydin.PriceIngestion", "src\Saydin.PriceIngestion\Saydin.PriceIngestion.csproj", "{45081DB7-8CD0-41DB-8FF5-DC50C1577CBF}"
EndProject
Project("{FAE04EC0-301F-11D3-BF4B-00C04F79EFBC}") = "Saydin.DatabaseMigrator", "src\Saydin.DatabaseMigrator\Saydin.DatabaseMigrator.csproj", "{FC65D972-C9BE-4D11-A6AF-63D3FD37E44C}"
EndProject
Project("{FAE04EC0-301F-11D3-BF4B-00C04F79EFBC}") = "Saydin.DataQualityAudit", "src\Saydin.DataQualityAudit\Saydin.DataQualityAudit.csproj", "{D2000000-0000-4000-8000-000000000001}"
EndProject
Project("{FAE04EC0-301F-11D3-BF4B-00C04F79EFBC}") = "Saydin.DataRepair", "src\Saydin.DataRepair\Saydin.DataRepair.csproj", "{D3000000-0000-4000-8000-000000000001}"
EndProject
Project("{2150E333-8FDC-42A3-9474-1A3956D46DE8}") = "tests", "tests", "{1DD4C92D-A417-4A2C-B2D5-CA37690C2E4E}"
EndProject
Project("{FAE04EC0-301F-11D3-BF4B-00C04F79EFBC}") = "Saydin.Api.Tests", "tests\Saydin.Api.Tests\Saydin.Api.Tests.csproj", "{9457B33C-3ECA-407D-8BD6-D9928BE18557}"
EndProject
Project("{FAE04EC0-301F-11D3-BF4B-00C04F79EFBC}") = "Saydin.PriceIngestion.Tests", "tests\Saydin.PriceIngestion.Tests\Saydin.PriceIngestion.Tests.csproj", "{07549CAF-2691-4CB6-BF1F-707CA6584421}"
EndProject
Project("{FAE04EC0-301F-11D3-BF4B-00C04F79EFBC}") = "Saydin.Api.IntegrationTests", "tests\Saydin.Api.IntegrationTests\Saydin.Api.IntegrationTests.csproj", "{042FE10C-6D3C-48A3-92BE-4E59B1B49C15}"
EndProject
Project("{FAE04EC0-301F-11D3-BF4B-00C04F79EFBC}") = "Saydin.DatabaseMigrator.Tests", "tests\Saydin.DatabaseMigrator.Tests\Saydin.DatabaseMigrator.Tests.csproj", "{92A4CDE4-6527-44C1-A359-6A25E7E0607D}"
EndProject
Project("{FAE04EC0-301F-11D3-BF4B-00C04F79EFBC}") = "Saydin.PriceIngestion.IntegrationTests", "tests\Saydin.PriceIngestion.IntegrationTests\Saydin.PriceIngestion.IntegrationTests.csproj", "{F85544DF-17E2-45FE-9FB2-C2887AE1261E}"
EndProject
Project("{FAE04EC0-301F-11D3-BF4B-00C04F79EFBC}") = "Saydin.DataQualityAudit.Tests", "tests\Saydin.DataQualityAudit.Tests\Saydin.DataQualityAudit.Tests.csproj", "{D2000000-0000-4000-8000-000000000002}"
EndProject
Project("{FAE04EC0-301F-11D3-BF4B-00C04F79EFBC}") = "Saydin.DataQualityAudit.IntegrationTests", "tests\Saydin.DataQualityAudit.IntegrationTests\Saydin.DataQualityAudit.IntegrationTests.csproj", "{D2000000-0000-4000-8000-000000000003}"
EndProject
Project("{FAE04EC0-301F-11D3-BF4B-00C04F79EFBC}") = "Saydin.DataRepair.Tests", "tests\Saydin.DataRepair.Tests\Saydin.DataRepair.Tests.csproj", "{D3000000-0000-4000-8000-000000000002}"
EndProject
Project("{FAE04EC0-301F-11D3-BF4B-00C04F79EFBC}") = "Saydin.DataRepair.IntegrationTests", "tests\Saydin.DataRepair.IntegrationTests\Saydin.DataRepair.IntegrationTests.csproj", "{D3000000-0000-4000-8000-000000000003}"
EndProject
Project("{2150E333-8FDC-42A3-9474-1A3956D46DE8}") = "tools", "tools", "{A1000000-0000-4000-8000-000000000001}"
EndProject
Project("{FAE04EC0-301F-11D3-BF4B-00C04F79EFBC}") = "Saydin.CalendarData", "tools\calendar-data\src\Saydin.CalendarData\Saydin.CalendarData.csproj", "{A1000000-0000-4000-8000-000000000002}"
EndProject
Project("{FAE04EC0-301F-11D3-BF4B-00C04F79EFBC}") = "Saydin.CalendarData.Tests", "tools\calendar-data\tests\Saydin.CalendarData.Tests\Saydin.CalendarData.Tests.csproj", "{A1000000-0000-4000-8000-000000000003}"
EndProject
Global
	GlobalSection(SolutionConfigurationPlatforms) = preSolution
		Debug|Any CPU = Debug|Any CPU
		Release|Any CPU = Release|Any CPU
	EndGlobalSection
	GlobalSection(ProjectConfigurationPlatforms) = postSolution
		{02807055-196D-4983-9471-433EE631AB17}.Debug|Any CPU.ActiveCfg = Debug|Any CPU
		{02807055-196D-4983-9471-433EE631AB17}.Debug|Any CPU.Build.0 = Debug|Any CPU
		{02807055-196D-4983-9471-433EE631AB17}.Release|Any CPU.ActiveCfg = Release|Any CPU
		{02807055-196D-4983-9471-433EE631AB17}.Release|Any CPU.Build.0 = Release|Any CPU
		{336BC878-60D1-4F88-90F1-1AE731A7D087}.Debug|Any CPU.ActiveCfg = Debug|Any CPU
		{336BC878-60D1-4F88-90F1-1AE731A7D087}.Debug|Any CPU.Build.0 = Debug|Any CPU
		{336BC878-60D1-4F88-90F1-1AE731A7D087}.Release|Any CPU.ActiveCfg = Release|Any CPU
		{336BC878-60D1-4F88-90F1-1AE731A7D087}.Release|Any CPU.Build.0 = Release|Any CPU
		{45081DB7-8CD0-41DB-8FF5-DC50C1577CBF}.Debug|Any CPU.ActiveCfg = Debug|Any CPU
		{45081DB7-8CD0-41DB-8FF5-DC50C1577CBF}.Debug|Any CPU.Build.0 = Debug|Any CPU
		{45081DB7-8CD0-41DB-8FF5-DC50C1577CBF}.Release|Any CPU.ActiveCfg = Release|Any CPU
		{45081DB7-8CD0-41DB-8FF5-DC50C1577CBF}.Release|Any CPU.Build.0 = Release|Any CPU
		{FC65D972-C9BE-4D11-A6AF-63D3FD37E44C}.Debug|Any CPU.ActiveCfg = Debug|Any CPU
		{FC65D972-C9BE-4D11-A6AF-63D3FD37E44C}.Debug|Any CPU.Build.0 = Debug|Any CPU
		{FC65D972-C9BE-4D11-A6AF-63D3FD37E44C}.Release|Any CPU.ActiveCfg = Release|Any CPU
		{FC65D972-C9BE-4D11-A6AF-63D3FD37E44C}.Release|Any CPU.Build.0 = Release|Any CPU
		{D2000000-0000-4000-8000-000000000001}.Debug|Any CPU.ActiveCfg = Debug|Any CPU
		{D2000000-0000-4000-8000-000000000001}.Debug|Any CPU.Build.0 = Debug|Any CPU
		{D2000000-0000-4000-8000-000000000001}.Release|Any CPU.ActiveCfg = Release|Any CPU
		{D2000000-0000-4000-8000-000000000001}.Release|Any CPU.Build.0 = Release|Any CPU
		{D3000000-0000-4000-8000-000000000001}.Debug|Any CPU.ActiveCfg = Debug|Any CPU
		{D3000000-0000-4000-8000-000000000001}.Debug|Any CPU.Build.0 = Debug|Any CPU
		{D3000000-0000-4000-8000-000000000001}.Release|Any CPU.ActiveCfg = Release|Any CPU
		{D3000000-0000-4000-8000-000000000001}.Release|Any CPU.Build.0 = Release|Any CPU
		{9457B33C-3ECA-407D-8BD6-D9928BE18557}.Debug|Any CPU.ActiveCfg = Debug|Any CPU
		{9457B33C-3ECA-407D-8BD6-D9928BE18557}.Debug|Any CPU.Build.0 = Debug|Any CPU
		{9457B33C-3ECA-407D-8BD6-D9928BE18557}.Release|Any CPU.ActiveCfg = Release|Any CPU
		{9457B33C-3ECA-407D-8BD6-D9928BE18557}.Release|Any CPU.Build.0 = Release|Any CPU
		{07549CAF-2691-4CB6-BF1F-707CA6584421}.Debug|Any CPU.ActiveCfg = Debug|Any CPU
		{07549CAF-2691-4CB6-BF1F-707CA6584421}.Debug|Any CPU.Build.0 = Debug|Any CPU
		{07549CAF-2691-4CB6-BF1F-707CA6584421}.Release|Any CPU.ActiveCfg = Release|Any CPU
		{07549CAF-2691-4CB6-BF1F-707CA6584421}.Release|Any CPU.Build.0 = Release|Any CPU
		{042FE10C-6D3C-48A3-92BE-4E59B1B49C15}.Debug|Any CPU.ActiveCfg = Debug|Any CPU
		{042FE10C-6D3C-48A3-92BE-4E59B1B49C15}.Debug|Any CPU.Build.0 = Debug|Any CPU
		{042FE10C-6D3C-48A3-92BE-4E59B1B49C15}.Release|Any CPU.ActiveCfg = Release|Any CPU
		{042FE10C-6D3C-48A3-92BE-4E59B1B49C15}.Release|Any CPU.Build.0 = Release|Any CPU
		{92A4CDE4-6527-44C1-A359-6A25E7E0607D}.Debug|Any CPU.ActiveCfg = Debug|Any CPU
		{92A4CDE4-6527-44C1-A359-6A25E7E0607D}.Debug|Any CPU.Build.0 = Debug|Any CPU
		{92A4CDE4-6527-44C1-A359-6A25E7E0607D}.Release|Any CPU.ActiveCfg = Release|Any CPU
		{92A4CDE4-6527-44C1-A359-6A25E7E0607D}.Release|Any CPU.Build.0 = Release|Any CPU
		{F85544DF-17E2-45FE-9FB2-C2887AE1261E}.Debug|Any CPU.ActiveCfg = Debug|Any CPU
		{F85544DF-17E2-45FE-9FB2-C2887AE1261E}.Debug|Any CPU.Build.0 = Debug|Any CPU
		{F85544DF-17E2-45FE-9FB2-C2887AE1261E}.Release|Any CPU.ActiveCfg = Release|Any CPU
		{F85544DF-17E2-45FE-9FB2-C2887AE1261E}.Release|Any CPU.Build.0 = Release|Any CPU
		{D2000000-0000-4000-8000-000000000002}.Debug|Any CPU.ActiveCfg = Debug|Any CPU
		{D2000000-0000-4000-8000-000000000002}.Debug|Any CPU.Build.0 = Debug|Any CPU
		{D2000000-0000-4000-8000-000000000002}.Release|Any CPU.ActiveCfg = Release|Any CPU
		{D2000000-0000-4000-8000-000000000002}.Release|Any CPU.Build.0 = Release|Any CPU
		{D2000000-0000-4000-8000-000000000003}.Debug|Any CPU.ActiveCfg = Debug|Any CPU
		{D2000000-0000-4000-8000-000000000003}.Debug|Any CPU.Build.0 = Debug|Any CPU
		{D2000000-0000-4000-8000-000000000003}.Release|Any CPU.ActiveCfg = Release|Any CPU
		{D2000000-0000-4000-8000-000000000003}.Release|Any CPU.Build.0 = Release|Any CPU
		{D3000000-0000-4000-8000-000000000002}.Debug|Any CPU.ActiveCfg = Debug|Any CPU
		{D3000000-0000-4000-8000-000000000002}.Debug|Any CPU.Build.0 = Debug|Any CPU
		{D3000000-0000-4000-8000-000000000002}.Release|Any CPU.ActiveCfg = Release|Any CPU
		{D3000000-0000-4000-8000-000000000002}.Release|Any CPU.Build.0 = Release|Any CPU
		{D3000000-0000-4000-8000-000000000003}.Debug|Any CPU.ActiveCfg = Debug|Any CPU
		{D3000000-0000-4000-8000-000000000003}.Debug|Any CPU.Build.0 = Debug|Any CPU
		{D3000000-0000-4000-8000-000000000003}.Release|Any CPU.ActiveCfg = Release|Any CPU
		{D3000000-0000-4000-8000-000000000003}.Release|Any CPU.Build.0 = Release|Any CPU
		{A1000000-0000-4000-8000-000000000002}.Debug|Any CPU.ActiveCfg = Debug|Any CPU
		{A1000000-0000-4000-8000-000000000002}.Debug|Any CPU.Build.0 = Debug|Any CPU
		{A1000000-0000-4000-8000-000000000002}.Release|Any CPU.ActiveCfg = Release|Any CPU
		{A1000000-0000-4000-8000-000000000002}.Release|Any CPU.Build.0 = Release|Any CPU
		{A1000000-0000-4000-8000-000000000003}.Debug|Any CPU.ActiveCfg = Debug|Any CPU
		{A1000000-0000-4000-8000-000000000003}.Debug|Any CPU.Build.0 = Debug|Any CPU
		{A1000000-0000-4000-8000-000000000003}.Release|Any CPU.ActiveCfg = Release|Any CPU
		{A1000000-0000-4000-8000-000000000003}.Release|Any CPU.Build.0 = Release|Any CPU
	EndGlobalSection
	GlobalSection(SolutionProperties) = preSolution
		HideSolutionNode = FALSE
	EndGlobalSection
	GlobalSection(NestedProjects) = preSolution
		{02807055-196D-4983-9471-433EE631AB17} = {2FEAEEF8-D693-461E-8F93-5C0BAAD979B3}
		{336BC878-60D1-4F88-90F1-1AE731A7D087} = {2FEAEEF8-D693-461E-8F93-5C0BAAD979B3}
		{45081DB7-8CD0-41DB-8FF5-DC50C1577CBF} = {2FEAEEF8-D693-461E-8F93-5C0BAAD979B3}
		{FC65D972-C9BE-4D11-A6AF-63D3FD37E44C} = {2FEAEEF8-D693-461E-8F93-5C0BAAD979B3}
		{D2000000-0000-4000-8000-000000000001} = {2FEAEEF8-D693-461E-8F93-5C0BAAD979B3}
		{D3000000-0000-4000-8000-000000000001} = {2FEAEEF8-D693-461E-8F93-5C0BAAD979B3}
		{9457B33C-3ECA-407D-8BD6-D9928BE18557} = {1DD4C92D-A417-4A2C-B2D5-CA37690C2E4E}
		{07549CAF-2691-4CB6-BF1F-707CA6584421} = {1DD4C92D-A417-4A2C-B2D5-CA37690C2E4E}
		{042FE10C-6D3C-48A3-92BE-4E59B1B49C15} = {1DD4C92D-A417-4A2C-B2D5-CA37690C2E4E}
		{92A4CDE4-6527-44C1-A359-6A25E7E0607D} = {1DD4C92D-A417-4A2C-B2D5-CA37690C2E4E}
		{F85544DF-17E2-45FE-9FB2-C2887AE1261E} = {1DD4C92D-A417-4A2C-B2D5-CA37690C2E4E}
		{D2000000-0000-4000-8000-000000000002} = {1DD4C92D-A417-4A2C-B2D5-CA37690C2E4E}
		{D2000000-0000-4000-8000-000000000003} = {1DD4C92D-A417-4A2C-B2D5-CA37690C2E4E}
		{D3000000-0000-4000-8000-000000000002} = {1DD4C92D-A417-4A2C-B2D5-CA37690C2E4E}
		{D3000000-0000-4000-8000-000000000003} = {1DD4C92D-A417-4A2C-B2D5-CA37690C2E4E}
		{A1000000-0000-4000-8000-000000000002} = {A1000000-0000-4000-8000-000000000001}
		{A1000000-0000-4000-8000-000000000003} = {1DD4C92D-A417-4A2C-B2D5-CA37690C2E4E}
	EndGlobalSection
EndGlobal
